
Microsoft Visual Studio Solution File, Format Version 12.00
# Visual Studio 15
Project("{FAE04EC0-301F-11D3-BF4B-00C04F79EFBC}") = "Assembly-CSharp", "Assembly-CSharp.csproj", "{BAC1312F-A0EF-C02B-C709-04B6C6BF95F0}"
EndProject
Project("{FAE04EC0-301F-11D3-BF4B-00C04F79EFBC}") = "Assembly-CSharp-Editor", "Assembly-CSharp-Editor.csproj", "{2D2B8749-823D-7498-6E36-01D68E32F875}"
EndProject
Global
	GlobalSection(SolutionConfigurationPlatforms) = preSolution
		Debug|Any CPU = Debug|Any CPU
		Release|Any CPU = Release|Any CPU
	EndGlobalSection
	GlobalSection(ProjectConfigurationPlatforms) = postSolution
		{BAC1312F-A0EF-C02B-C709-04B6C6BF95F0}.Debug|Any CPU.ActiveCfg = Debug|Any CPU
		{BAC1312F-A0EF-C02B-C709-04B6C6BF95F0}.Debug|Any CPU.Build.0 = Debug|Any CPU
		{BAC1312F-A0EF-C02B-C709-04B6C6BF95F0}.Release|Any CPU.ActiveCfg = Release|Any CPU
		{BAC1312F-A0EF-C02B-C709-04B6C6BF95F0}.Release|Any CPU.Build.0 = Release|Any CPU
		{2D2B8749-823D-7498-6E36-01D68E32F875}.Debug|Any CPU.ActiveCfg = Debug|Any CPU
		{2D2B8749-823D-7498-6E36-01D68E32F875}.Debug|Any CPU.Build.0 = Debug|Any CPU
		{2D2B8749-823D-7498-6E36-01D68E32F875}.Release|Any CPU.ActiveCfg = Release|Any CPU
		{2D2B8749-823D-7498-6E36-01D68E32F875}.Release|Any CPU.Build.0 = Release|Any CPU
	EndGlobalSection
	GlobalSection(SolutionProperties) = preSolution
		HideSolutionNode = FALSE
	EndGlobalSection
EndGlobal
